
Microsoft Visual Studio Solution File, Format Version 12.00
# Visual Studio Version 16
VisualStudioVersion = 16.0.29519.87
MinimumVisualStudioVersion = 10.0.40219.1
Project("{9A19103F-16F7-4668-BE54-9A1E7A4F7556}") = "Alexa_Functions", "Alexa_Functions\Alexa_Functions.csproj", "{D6FDD153-B834-41D3-96B3-677EE76376B2}"
EndProject
Project("{9A19103F-16F7-4668-BE54-9A1E7A4F7556}") = "Alexa_Functions.Tests", "Alexa_Functions.Tests\Alexa_Functions.Tests.csproj", "{D6B19AD0-A6DF-4A1F-9222-23400CA4AD77}"
EndProject
Project("{FAE04EC0-301F-11D3-BF4B-00C04F79EFBC}") = "Home.Core.Clients", "..\Home.Core\Home.Core.Clients\Home.Core.Clients.csproj", "{D001D1A0-B9A7-4340-A1C2-C4AF9A837368}"
EndProject
Global
	GlobalSection(SolutionConfigurationPlatforms) = preSolution
		Debug|Any CPU = Debug|Any CPU
		Release|Any CPU = Release|Any CPU
	EndGlobalSection
	GlobalSection(ProjectConfigurationPlatforms) = postSolution
		{D6FDD153-B834-41D3-96B3-677EE76376B2}.Debug|Any CPU.ActiveCfg = Debug|Any CPU
		{D6FDD153-B834-41D3-96B3-677EE76376B2}.Debug|Any CPU.Build.0 = Debug|Any CPU
		{D6FDD153-B834-41D3-96B3-677EE76376B2}.Release|Any CPU.ActiveCfg = Release|Any CPU
		{D6FDD153-B834-41D3-96B3-677EE76376B2}.Release|Any CPU.Build.0 = Release|Any CPU
		{D6B19AD0-A6DF-4A1F-9222-23400CA4AD77}.Debug|Any CPU.ActiveCfg = Debug|Any CPU
		{D6B19AD0-A6DF-4A1F-9222-23400CA4AD77}.Debug|Any CPU.Build.0 = Debug|Any CPU
		{D6B19AD0-A6DF-4A1F-9222-23400CA4AD77}.Release|Any CPU.ActiveCfg = Release|Any CPU
		{D6B19AD0-A6DF-4A1F-9222-23400CA4AD77}.Release|Any CPU.Build.0 = Release|Any CPU
		{D001D1A0-B9A7-4340-A1C2-C4AF9A837368}.Debug|Any CPU.ActiveCfg = Debug|Any CPU
		{D001D1A0-B9A7-4340-A1C2-C4AF9A837368}.Debug|Any CPU.Build.0 = Debug|Any CPU
		{D001D1A0-B9A7-4340-A1C2-C4AF9A837368}.Release|Any CPU.ActiveCfg = Release|Any CPU
		{D001D1A0-B9A7-4340-A1C2-C4AF9A837368}.Release|Any CPU.Build.0 = Release|Any CPU
	EndGlobalSection
	GlobalSection(SolutionProperties) = preSolution
		HideSolutionNode = FALSE
	EndGlobalSection
	GlobalSection(ExtensibilityGlobals) = postSolution
		SolutionGuid = {6248C831-9236-4387-96B8-4CA251E943E9}
	EndGlobalSection
EndGlobal
