
Microsoft Visual Studio Solution File, Format Version 12.00
# Visual Studio Version 16
VisualStudioVersion = 16.0.29009.5
MinimumVisualStudioVersion = 10.0.40219.1
Project("{9A19103F-16F7-4668-BE54-9A1E7A4F7556}") = "Garage.UnitTests", "Garage.UnitTests\Garage.UnitTests.csproj", "{3B3508E4-D0E4-4933-8A0C-968CB952130D}"
EndProject
Project("{9A19103F-16F7-4668-BE54-9A1E7A4F7556}") = "Garage.Service", "Garage.Service\Garage.Service.csproj", "{4BEC2328-1556-42E0-A5F3-5760883AACB5}"
EndProject
Project("{9A19103F-16F7-4668-BE54-9A1E7A4F7556}") = "Garage.Repository", "Garage.Repository\Garage.Repository.csproj", "{4BA3EF04-0E72-4315-A747-0E7C7FA9519C}"
EndProject
Project("{9A19103F-16F7-4668-BE54-9A1E7A4F7556}") = "Garage.Persistance", "Garage.Persistance\Garage.Persistance.csproj", "{BDC123B8-E3E3-4E46-B846-0B799447F8B6}"
EndProject
Project("{9A19103F-16F7-4668-BE54-9A1E7A4F7556}") = "Home.Core.Gpio", "..\Home.Core\Home.Core.Gpio\Home.Core.Gpio.csproj", "{3D21A8EA-BB0A-4744-9430-863DEE7254CD}"
EndProject
Project("{FAE04EC0-301F-11D3-BF4B-00C04F79EFBC}") = "Home.Core.Security", "..\Home.Core\Home.Core.Security\Home.Core.Security.csproj", "{CC7378D6-11FF-4089-BD34-DE6C4D4CDC8A}"
EndProject
Global
	GlobalSection(SolutionConfigurationPlatforms) = preSolution
		Debug|Any CPU = Debug|Any CPU
		Release|Any CPU = Release|Any CPU
	EndGlobalSection
	GlobalSection(ProjectConfigurationPlatforms) = postSolution
		{3B3508E4-D0E4-4933-8A0C-968CB952130D}.Debug|Any CPU.ActiveCfg = Debug|Any CPU
		{3B3508E4-D0E4-4933-8A0C-968CB952130D}.Debug|Any CPU.Build.0 = Debug|Any CPU
		{3B3508E4-D0E4-4933-8A0C-968CB952130D}.Release|Any CPU.ActiveCfg = Release|Any CPU
		{3B3508E4-D0E4-4933-8A0C-968CB952130D}.Release|Any CPU.Build.0 = Release|Any CPU
		{4BEC2328-1556-42E0-A5F3-5760883AACB5}.Debug|Any CPU.ActiveCfg = Debug|Any CPU
		{4BEC2328-1556-42E0-A5F3-5760883AACB5}.Debug|Any CPU.Build.0 = Debug|Any CPU
		{4BEC2328-1556-42E0-A5F3-5760883AACB5}.Release|Any CPU.ActiveCfg = Release|Any CPU
		{4BEC2328-1556-42E0-A5F3-5760883AACB5}.Release|Any CPU.Build.0 = Release|Any CPU
		{4BA3EF04-0E72-4315-A747-0E7C7FA9519C}.Debug|Any CPU.ActiveCfg = Debug|Any CPU
		{4BA3EF04-0E72-4315-A747-0E7C7FA9519C}.Debug|Any CPU.Build.0 = Debug|Any CPU
		{4BA3EF04-0E72-4315-A747-0E7C7FA9519C}.Release|Any CPU.ActiveCfg = Release|Any CPU
		{4BA3EF04-0E72-4315-A747-0E7C7FA9519C}.Release|Any CPU.Build.0 = Release|Any CPU
		{BDC123B8-E3E3-4E46-B846-0B799447F8B6}.Debug|Any CPU.ActiveCfg = Debug|Any CPU
		{BDC123B8-E3E3-4E46-B846-0B799447F8B6}.Debug|Any CPU.Build.0 = Debug|Any CPU
		{BDC123B8-E3E3-4E46-B846-0B799447F8B6}.Release|Any CPU.ActiveCfg = Release|Any CPU
		{BDC123B8-E3E3-4E46-B846-0B799447F8B6}.Release|Any CPU.Build.0 = Release|Any CPU
		{3D21A8EA-BB0A-4744-9430-863DEE7254CD}.Debug|Any CPU.ActiveCfg = Debug|Any CPU
		{3D21A8EA-BB0A-4744-9430-863DEE7254CD}.Debug|Any CPU.Build.0 = Debug|Any CPU
		{3D21A8EA-BB0A-4744-9430-863DEE7254CD}.Release|Any CPU.ActiveCfg = Release|Any CPU
		{3D21A8EA-BB0A-4744-9430-863DEE7254CD}.Release|Any CPU.Build.0 = Release|Any CPU
		{CC7378D6-11FF-4089-BD34-DE6C4D4CDC8A}.Debug|Any CPU.ActiveCfg = Debug|Any CPU
		{CC7378D6-11FF-4089-BD34-DE6C4D4CDC8A}.Debug|Any CPU.Build.0 = Debug|Any CPU
		{CC7378D6-11FF-4089-BD34-DE6C4D4CDC8A}.Release|Any CPU.ActiveCfg = Release|Any CPU
		{CC7378D6-11FF-4089-BD34-DE6C4D4CDC8A}.Release|Any CPU.Build.0 = Release|Any CPU
	EndGlobalSection
	GlobalSection(SolutionProperties) = preSolution
		HideSolutionNode = FALSE
	EndGlobalSection
	GlobalSection(ExtensibilityGlobals) = postSolution
		SolutionGuid = {CE0A0A9E-38B7-4E6F-A893-20F784BB2F5C}
	EndGlobalSection
EndGlobal
